
Microsoft Visual Studio Solution File, Format Version 11.00
# Visual Studio 2010
Project("{FAE04EC0-301F-11D3-BF4B-00C04F79EFBC}") = "Assembly-CSharp", "Assembly-CSharp.csproj", "{B4828ECE-2390-2C1E-B7C4-B274FAED1FD1}"
EndProject
Project("{FAE04EC0-301F-11D3-BF4B-00C04F79EFBC}") = "Assembly-CSharp-Editor-firstpass", "Assembly-CSharp-Editor-firstpass.csproj", "{BCC832F3-EFDC-32DF-994A-D9D0F2555461}"
EndProject
Global
	GlobalSection(SolutionConfigurationPlatforms) = preSolution
		Debug|Any CPU = Debug|Any CPU
		Release|Any CPU = Release|Any CPU
	EndGlobalSection
	GlobalSection(ProjectConfigurationPlatforms) = postSolution
		{B4828ECE-2390-2C1E-B7C4-B274FAED1FD1}.Debug|Any CPU.ActiveCfg = Debug|Any CPU
		{B4828ECE-2390-2C1E-B7C4-B274FAED1FD1}.Debug|Any CPU.Build.0 = Debug|Any CPU
		{B4828ECE-2390-2C1E-B7C4-B274FAED1FD1}.Release|Any CPU.ActiveCfg = Release|Any CPU
		{B4828ECE-2390-2C1E-B7C4-B274FAED1FD1}.Release|Any CPU.Build.0 = Release|Any CPU
		{BCC832F3-EFDC-32DF-994A-D9D0F2555461}.Debug|Any CPU.ActiveCfg = Debug|Any CPU
		{BCC832F3-EFDC-32DF-994A-D9D0F2555461}.Debug|Any CPU.Build.0 = Debug|Any CPU
		{BCC832F3-EFDC-32DF-994A-D9D0F2555461}.Release|Any CPU.ActiveCfg = Release|Any CPU
		{BCC832F3-EFDC-32DF-994A-D9D0F2555461}.Release|Any CPU.Build.0 = Release|Any CPU
	EndGlobalSection
	GlobalSection(SolutionProperties) = preSolution
		HideSolutionNode = FALSE
	EndGlobalSection
	GlobalSection(MonoDevelopProperties) = preSolution
		StartupItem = Assembly-CSharp.csproj
	EndGlobalSection
EndGlobal
